
Microsoft Visual Studio Solution File, Format Version 12.00
# Visual Studio 15
Project("{FAE04EC0-301F-11D3-BF4B-00C04F79EFBC}") = "matriz", "matriz\matriz.csproj", "{422E8393-32C2-4CB0-B764-52831ABE7BBE}"
EndProject
Global
	GlobalSection(SolutionConfigurationPlatforms) = preSolution
		Debug|Any CPU = Debug|Any CPU
		Release|Any CPU = Release|Any CPU
	EndGlobalSection
	GlobalSection(ProjectConfigurationPlatforms) = postSolution
		{422E8393-32C2-4CB0-B764-52831ABE7BBE}.Debug|Any CPU.ActiveCfg = Debug|Any CPU
		{422E8393-32C2-4CB0-B764-52831ABE7BBE}.Debug|Any CPU.Build.0 = Debug|Any CPU
		{422E8393-32C2-4CB0-B764-52831ABE7BBE}.Release|Any CPU.ActiveCfg = Release|Any CPU
		{422E8393-32C2-4CB0-B764-52831ABE7BBE}.Release|Any CPU.Build.0 = Release|Any CPU
	EndGlobalSection
EndGlobal
